<?xml version='1.0' encoding='utf-8'?>
<Project xmlns="http://schemas.microsoft.com/developer/msbuild/2003">
  <PropertyGroup>
    <ProjectGuid>{EAF5C08E-3AA4-4E93-BD08-AE47EBBAF712}</ProjectGuid>
    <MainSource>json_value_test.dpr</MainSource>
    <Config Condition="'$(Config)'==''">Debug</Config>
    <ProjectVersion>22.0</ProjectVersion>
    <Base>True</Base>
    <AppType>Application</AppType>
    <FrameworkType>VCL</FrameworkType>
    <Platform Condition="'$(Platform)'==''">Win32</Platform>
    <TargetedPlatforms>1</TargetedPlatforms>
  </PropertyGroup>
  <PropertyGroup Condition="'$(Config)'=='Base' or '$(Base)'!=''">
    <Base>true</Base>
  </PropertyGroup>
  <PropertyGroup Condition="('$(Platform)'=='Win32' and '$(Base)'=='true') or '$(Base_Win32)'!=''">
    <Base_Win32>true</Base_Win32>
    <CfgParent>Base</CfgParent>
    <Base>true</Base>
  </PropertyGroup>
  <PropertyGroup Condition="'$(Config)'=='Debug' or '$(Cfg_1)'!=''">
    <Cfg_1>true</Cfg_1>
    <CfgParent>Base</CfgParent>
    <Base>true</Base>
  </PropertyGroup>
  <PropertyGroup Condition="('$(Platform)'=='Win32' and '$(Cfg_1)'=='true') or '$(Cfg_1_Win32)'!=''">
    <Cfg_1_Win32>true</Cfg_1_Win32>
    <CfgParent>Cfg_1</CfgParent>
    <Cfg_1>true</Cfg_1>
    <Base>true</Base>
  </PropertyGroup>
  <PropertyGroup Condition="'$(Base)'!=''">
    <SanitizedProjectName>json_value_test</SanitizedProjectName>
    <DCC_Namespace>System;Xml;Data;Winapi;System.Win;Vcl;Vcl.Forms;$(DCC_Namespace)</DCC_Namespace>
    <DCC_DcuOutput>.\$(Platform)\$(Config)</DCC_DcuOutput>
    <DCC_ExeOutput>.\$(Platform)\$(Config)</DCC_ExeOutput>
    <DCC_E>false</DCC_E>
    <DCC_N>false</DCC_N>
    <DCC_S>false</DCC_S>
    <DCC_F>false</DCC_F>
    <DCC_K>false</DCC_K>
    <DCC_UnitSearchPath>..\..\..\..\Source</DCC_UnitSearchPath>
  </PropertyGroup>
  <PropertyGroup Condition="'$(Base_Win32)'!=''">
    <DCC_Namespace>Winapi;System.Win;Data.Win;Datasnap.Win;Web.Win;Soap.Win;Xml.Win;Bde;$(DCC_Namespace)</DCC_Namespace>
    <AppEnableRuntimeThemes>true</AppEnableRuntimeThemes>
    <Manifest_File>$(BDS)\bin\default_app.manifest</Manifest_File>
    <BT_BuildType>Debug</BT_BuildType>
  </PropertyGroup>
  <PropertyGroup Condition="'$(Cfg_1)'!=''">
    <BT_BuildType>Debug</BT_BuildType>
    <DCC_Define>DEBUG;$(DCC_Define)</DCC_Define>
    <DCC_DebugDCUs>true</DCC_DebugDCUs>
    <DCC_Optimize>false</DCC_Optimize>
    <DCC_GenerateStackFrames>true</DCC_GenerateStackFrames>
    <DCC_DebugInfoInExe>true</DCC_DebugInfoInExe>
  </PropertyGroup>
  <ItemGroup>
    <DelphiCompile Include="$(MainSource)">
      <MainSource>MainSource</MainSource>
    </DelphiCompile>
    <BuildConfiguration Include="Base">
      <Key>Base</Key>
    </BuildConfiguration>
    <BuildConfiguration Include="Debug">
      <Key>Cfg_1</Key>
      <CfgParent>Base</CfgParent>
    </BuildConfiguration>
  </ItemGroup>
  <ProjectExtensions>
    <Borland.Personality>Delphi.Personality.12</Borland.Personality>
    <BorlandProject>
      <Delphi.Personality>
        <Source>
          <Source Name="MainSource">json_value_test.dpr</Source>
        </Source>
      </Delphi.Personality>
    </BorlandProject>
    <Borland.ProjectType>Application</Borland.ProjectType>
    <ProjectFileVersion>12</ProjectFileVersion>
  </ProjectExtensions>
  <Import Project="$(BDS)\Bin\CodeGear.Delphi.Targets" Condition="Exists('$(BDS)\Bin\CodeGear.Delphi.Targets')" />
  <Import Project="$(APPDATA)\Embarcadero\$(BDSAPPDATABASEDIR)\$(PRODUCTVERSION)\UserTools.proj" Condition="Exists('$(APPDATA)\Embarcadero\$(BDSAPPDATABASEDIR)\$(PRODUCTVERSION)\UserTools.proj')" />
</Project>
